// !$*UTF8*$!
{
	archiveVersion = 1;
	classes = {
	};
	objectVersion = 46;
	objects = {

/* Begin PBXBuildFile section */
		B40DD30815C58180001EB875 /* Cocoa.framework in Frameworks */ = {isa = PBXBuildFile; fileRef = B40DD30715C58180001EB875 /* Cocoa.framework */; };
		B40DD31A15C58180001EB875 /* SenTestingKit.framework in Frameworks */ = {isa = PBXBuildFile; fileRef = B40DD31915C58180001EB875 /* SenTestingKit.framework */; };
		B40DD31B15C58180001EB875 /* Cocoa.framework in Frameworks */ = {isa = PBXBuildFile; fileRef = B40DD30715C58180001EB875 /* Cocoa.framework */; };
		B40DD31E15C58180001EB875 /* libnews.dylib in Frameworks */ = {isa = PBXBuildFile; fileRef = B40DD30415C58180001EB875 /* libnews.dylib */; };
		B40DD32415C58180001EB875 /* InfoPlist.strings in Resources */ = {isa = PBXBuildFile; fileRef = B40DD32215C58180001EB875 /* InfoPlist.strings */; };
		B40DD33215C581DF001EB875 /* NewsRC.h in Headers */ = {isa = PBXBuildFile; fileRef = B40DD33015C581DF001EB875 /* NewsRC.h */; };
		B40DD33315C581DF001EB875 /* NewsRC.m in Sources */ = {isa = PBXBuildFile; fileRef = B40DD33115C581DF001EB875 /* NewsRC.m */; };
		B40EFDDD15D79BD10031B476 /* NSRunLoop+Sync.h in Headers */ = {isa = PBXBuildFile; fileRef = B40EFDDB15D79BD10031B476 /* NSRunLoop+Sync.h */; };
		B40EFDDE15D79BD10031B476 /* NSRunLoop+Sync.m in Sources */ = {isa = PBXBuildFile; fileRef = B40EFDDC15D79BD10031B476 /* NSRunLoop+Sync.m */; };
		B40EFDE315D7D94D0031B476 /* NSCharacterSet+Spaces.h in Headers */ = {isa = PBXBuildFile; fileRef = B40EFDE115D7D94D0031B476 /* NSCharacterSet+Spaces.h */; };
		B40EFDE415D7D94D0031B476 /* NSCharacterSet+Spaces.m in Sources */ = {isa = PBXBuildFile; fileRef = B40EFDE215D7D94D0031B476 /* NSCharacterSet+Spaces.m */; };
		B40EFDE715D803480031B476 /* NSScanner+Helpers.h in Headers */ = {isa = PBXBuildFile; fileRef = B40EFDE515D803480031B476 /* NSScanner+Helpers.h */; };
		B40EFDE815D803480031B476 /* NSScanner+Helpers.m in Sources */ = {isa = PBXBuildFile; fileRef = B40EFDE615D803480031B476 /* NSScanner+Helpers.m */; };
		B42AF92915CC747A008878AE /* NNTPTest.m in Sources */ = {isa = PBXBuildFile; fileRef = B42AF92815CC747A008878AE /* NNTPTest.m */; };
		B42AF92D15CD60CB008878AE /* List.h in Headers */ = {isa = PBXBuildFile; fileRef = B42AF92B15CD60CB008878AE /* List.h */; };
		B42AF92E15CD60CB008878AE /* List.m in Sources */ = {isa = PBXBuildFile; fileRef = B42AF92C15CD60CB008878AE /* List.m */; };
		B42AF93515CD7F6D008878AE /* ListTest.m in Sources */ = {isa = PBXBuildFile; fileRef = B42AF93415CD7F6D008878AE /* ListTest.m */; };
		B42AF93C15CEE4D7008878AE /* NSStream+Buffered.h in Headers */ = {isa = PBXBuildFile; fileRef = B42AF93A15CEE4D7008878AE /* NSStream+Buffered.h */; };
		B42AF93D15CEE4D7008878AE /* NSStream+Buffered.m in Sources */ = {isa = PBXBuildFile; fileRef = B42AF93B15CEE4D7008878AE /* NSStream+Buffered.m */; };
		B434309715C5C047002467FF /* NewsRCTest.m in Sources */ = {isa = PBXBuildFile; fileRef = B434309615C5C047002467FF /* NewsRCTest.m */; };
		B48DA28215CB1ADC0054F619 /* NNTP.h in Headers */ = {isa = PBXBuildFile; fileRef = B48DA28015CB1ADC0054F619 /* NNTP.h */; };
		B48DA28315CB1ADC0054F619 /* NNTP.m in Sources */ = {isa = PBXBuildFile; fileRef = B48DA28115CB1ADC0054F619 /* NNTP.m */; };
/* End PBXBuildFile section */

/* Begin PBXContainerItemProxy section */
		B40DD31C15C58180001EB875 /* PBXContainerItemProxy */ = {
			isa = PBXContainerItemProxy;
			containerPortal = B40DD2FB15C58180001EB875 /* Project object */;
			proxyType = 1;
			remoteGlobalIDString = B40DD30315C58180001EB875;
			remoteInfo = libnews;
		};
/* End PBXContainerItemProxy section */

/* Begin PBXFileReference section */
		B40DD30415C58180001EB875 /* libnews.dylib */ = {isa = PBXFileReference; explicitFileType = "compiled.mach-o.dylib"; includeInIndex = 0; path = libnews.dylib; sourceTree = BUILT_PRODUCTS_DIR; };
		B40DD30715C58180001EB875 /* Cocoa.framework */ = {isa = PBXFileReference; lastKnownFileType = wrapper.framework; name = Cocoa.framework; path = System/Library/Frameworks/Cocoa.framework; sourceTree = SDKROOT; };
		B40DD30A15C58180001EB875 /* AppKit.framework */ = {isa = PBXFileReference; lastKnownFileType = wrapper.framework; name = AppKit.framework; path = System/Library/Frameworks/AppKit.framework; sourceTree = SDKROOT; };
		B40DD30B15C58180001EB875 /* CoreData.framework */ = {isa = PBXFileReference; lastKnownFileType = wrapper.framework; name = CoreData.framework; path = System/Library/Frameworks/CoreData.framework; sourceTree = SDKROOT; };
		B40DD30C15C58180001EB875 /* Foundation.framework */ = {isa = PBXFileReference; lastKnownFileType = wrapper.framework; name = Foundation.framework; path = System/Library/Frameworks/Foundation.framework; sourceTree = SDKROOT; };
		B40DD30F15C58180001EB875 /* libnews-Prefix.pch */ = {isa = PBXFileReference; lastKnownFileType = sourcecode.c.h; path = "libnews-Prefix.pch"; sourceTree = "<group>"; };
		B40DD31815C58180001EB875 /* libnewsTests.octest */ = {isa = PBXFileReference; explicitFileType = wrapper.cfbundle; includeInIndex = 0; path = libnewsTests.octest; sourceTree = BUILT_PRODUCTS_DIR; };
		B40DD31915C58180001EB875 /* SenTestingKit.framework */ = {isa = PBXFileReference; lastKnownFileType = wrapper.framework; name = SenTestingKit.framework; path = Library/Frameworks/SenTestingKit.framework; sourceTree = DEVELOPER_DIR; };
		B40DD32115C58180001EB875 /* libnewsTests-Info.plist */ = {isa = PBXFileReference; lastKnownFileType = text.plist.xml; path = "libnewsTests-Info.plist"; sourceTree = "<group>"; };
		B40DD32315C58180001EB875 /* en */ = {isa = PBXFileReference; lastKnownFileType = text.plist.strings; name = en; path = en.lproj/InfoPlist.strings; sourceTree = "<group>"; };
		B40DD33015C581DF001EB875 /* NewsRC.h */ = {isa = PBXFileReference; fileEncoding = 4; lastKnownFileType = sourcecode.c.h; path = NewsRC.h; sourceTree = "<group>"; };
		B40DD33115C581DF001EB875 /* NewsRC.m */ = {isa = PBXFileReference; fileEncoding = 4; lastKnownFileType = sourcecode.c.objc; path = NewsRC.m; sourceTree = "<group>"; };
		B40EFDDB15D79BD10031B476 /* NSRunLoop+Sync.h */ = {isa = PBXFileReference; fileEncoding = 4; lastKnownFileType = sourcecode.c.h; path = "NSRunLoop+Sync.h"; sourceTree = "<group>"; };
		B40EFDDC15D79BD10031B476 /* NSRunLoop+Sync.m */ = {isa = PBXFileReference; fileEncoding = 4; lastKnownFileType = sourcecode.c.objc; path = "NSRunLoop+Sync.m"; sourceTree = "<group>"; };
		B40EFDE115D7D94D0031B476 /* NSCharacterSet+Spaces.h */ = {isa = PBXFileReference; fileEncoding = 4; lastKnownFileType = sourcecode.c.h; path = "NSCharacterSet+Spaces.h"; sourceTree = "<group>"; };
		B40EFDE215D7D94D0031B476 /* NSCharacterSet+Spaces.m */ = {isa = PBXFileReference; fileEncoding = 4; lastKnownFileType = sourcecode.c.objc; path = "NSCharacterSet+Spaces.m"; sourceTree = "<group>"; };
		B40EFDE515D803480031B476 /* NSScanner+Helpers.h */ = {isa = PBXFileReference; fileEncoding = 4; lastKnownFileType = sourcecode.c.h; path = "NSScanner+Helpers.h"; sourceTree = "<group>"; };
		B40EFDE615D803480031B476 /* NSScanner+Helpers.m */ = {isa = PBXFileReference; fileEncoding = 4; lastKnownFileType = sourcecode.c.objc; path = "NSScanner+Helpers.m"; sourceTree = "<group>"; };
		B42AF92715CC747A008878AE /* NNTPTest.h */ = {isa = PBXFileReference; fileEncoding = 4; lastKnownFileType = sourcecode.c.h; name = NNTPTest.h; path = ../libnews/NNTPTest.h; sourceTree = "<group>"; };
		B42AF92815CC747A008878AE /* NNTPTest.m */ = {isa = PBXFileReference; fileEncoding = 4; lastKnownFileType = sourcecode.c.objc; name = NNTPTest.m; path = ../libnews/NNTPTest.m; sourceTree = "<group>"; };
		B42AF92B15CD60CB008878AE /* List.h */ = {isa = PBXFileReference; fileEncoding = 4; lastKnownFileType = sourcecode.c.h; path = List.h; sourceTree = "<group>"; };
		B42AF92C15CD60CB008878AE /* List.m */ = {isa = PBXFileReference; fileEncoding = 4; lastKnownFileType = sourcecode.c.objc; path = List.m; sourceTree = "<group>"; };
		B42AF93315CD7F6D008878AE /* ListTest.h */ = {isa = PBXFileReference; fileEncoding = 4; lastKnownFileType = sourcecode.c.h; path = ListTest.h; sourceTree = "<group>"; };
		B42AF93415CD7F6D008878AE /* ListTest.m */ = {isa = PBXFileReference; fileEncoding = 4; lastKnownFileType = sourcecode.c.objc; path = ListTest.m; sourceTree = "<group>"; };
		B42AF93A15CEE4D7008878AE /* NSStream+Buffered.h */ = {isa = PBXFileReference; fileEncoding = 4; lastKnownFileType = sourcecode.c.h; path = "NSStream+Buffered.h"; sourceTree = "<group>"; };
		B42AF93B15CEE4D7008878AE /* NSStream+Buffered.m */ = {isa = PBXFileReference; fileEncoding = 4; lastKnownFileType = sourcecode.c.objc; path = "NSStream+Buffered.m"; sourceTree = "<group>"; };
		B434309515C5C047002467FF /* NewsRCTest.h */ = {isa = PBXFileReference; fileEncoding = 4; lastKnownFileType = sourcecode.c.h; name = NewsRCTest.h; path = ../libnews/NewsRCTest.h; sourceTree = "<group>"; };
		B434309615C5C047002467FF /* NewsRCTest.m */ = {isa = PBXFileReference; fileEncoding = 4; lastKnownFileType = sourcecode.c.objc; name = NewsRCTest.m; path = ../libnews/NewsRCTest.m; sourceTree = "<group>"; };
		B48DA28015CB1ADC0054F619 /* NNTP.h */ = {isa = PBXFileReference; fileEncoding = 4; lastKnownFileType = sourcecode.c.h; path = NNTP.h; sourceTree = "<group>"; };
		B48DA28115CB1ADC0054F619 /* NNTP.m */ = {isa = PBXFileReference; fileEncoding = 4; lastKnownFileType = sourcecode.c.objc; path = NNTP.m; sourceTree = "<group>"; };
/* End PBXFileReference section */

/* Begin PBXFrameworksBuildPhase section */
		B40DD30115C58180001EB875 /* Frameworks */ = {
			isa = PBXFrameworksBuildPhase;
			buildActionMask = 2147483647;
			files = (
				B40DD30815C58180001EB875 /* Cocoa.framework in Frameworks */,
			);
			runOnlyForDeploymentPostprocessing = 0;
		};
		B40DD31415C58180001EB875 /* Frameworks */ = {
			isa = PBXFrameworksBuildPhase;
			buildActionMask = 2147483647;
			files = (
				B40DD31A15C58180001EB875 /* SenTestingKit.framework in Frameworks */,
				B40DD31B15C58180001EB875 /* Cocoa.framework in Frameworks */,
				B40DD31E15C58180001EB875 /* libnews.dylib in Frameworks */,
			);
			runOnlyForDeploymentPostprocessing = 0;
		};
/* End PBXFrameworksBuildPhase section */

/* Begin PBXGroup section */
		B40DD2F915C58180001EB875 = {
			isa = PBXGroup;
			children = (
				B40DD30D15C58180001EB875 /* libnews */,
				B40DD31F15C58180001EB875 /* libnewsTests */,
				B40DD30615C58180001EB875 /* Frameworks */,
				B40DD30515C58180001EB875 /* Products */,
			);
			sourceTree = "<group>";
		};
		B40DD30515C58180001EB875 /* Products */ = {
			isa = PBXGroup;
			children = (
				B40DD30415C58180001EB875 /* libnews.dylib */,
				B40DD31815C58180001EB875 /* libnewsTests.octest */,
			);
			name = Products;
			sourceTree = "<group>";
		};
		B40DD30615C58180001EB875 /* Frameworks */ = {
			isa = PBXGroup;
			children = (
				B40DD30715C58180001EB875 /* Cocoa.framework */,
				B40DD31915C58180001EB875 /* SenTestingKit.framework */,
				B40DD30915C58180001EB875 /* Other Frameworks */,
			);
			name = Frameworks;
			sourceTree = "<group>";
		};
		B40DD30915C58180001EB875 /* Other Frameworks */ = {
			isa = PBXGroup;
			children = (
				B40DD30A15C58180001EB875 /* AppKit.framework */,
				B40DD30B15C58180001EB875 /* CoreData.framework */,
				B40DD30C15C58180001EB875 /* Foundation.framework */,
			);
			name = "Other Frameworks";
			sourceTree = "<group>";
		};
		B40DD30D15C58180001EB875 /* libnews */ = {
			isa = PBXGroup;
			children = (
				B40DD33015C581DF001EB875 /* NewsRC.h */,
				B40DD33115C581DF001EB875 /* NewsRC.m */,
				B48DA28015CB1ADC0054F619 /* NNTP.h */,
				B48DA28115CB1ADC0054F619 /* NNTP.m */,
				B42AF92B15CD60CB008878AE /* List.h */,
				B42AF92C15CD60CB008878AE /* List.m */,
				B40EFDE015D7A01F0031B476 /* Cocoa Extensions */,
				B40DD30E15C58180001EB875 /* Supporting Files */,
			);
			path = libnews;
			sourceTree = "<group>";
		};
		B40DD30E15C58180001EB875 /* Supporting Files */ = {
			isa = PBXGroup;
			children = (
				B40DD30F15C58180001EB875 /* libnews-Prefix.pch */,
			);
			name = "Supporting Files";
			sourceTree = "<group>";
		};
		B40DD31F15C58180001EB875 /* libnewsTests */ = {
			isa = PBXGroup;
			children = (
				B42AF93315CD7F6D008878AE /* ListTest.h */,
				B42AF93415CD7F6D008878AE /* ListTest.m */,
				B434309515C5C047002467FF /* NewsRCTest.h */,
				B434309615C5C047002467FF /* NewsRCTest.m */,
				B42AF92715CC747A008878AE /* NNTPTest.h */,
				B42AF92815CC747A008878AE /* NNTPTest.m */,
				B40DD32015C58180001EB875 /* Supporting Files */,
			);
			path = libnewsTests;
			sourceTree = "<group>";
		};
		B40DD32015C58180001EB875 /* Supporting Files */ = {
			isa = PBXGroup;
			children = (
				B40DD32115C58180001EB875 /* libnewsTests-Info.plist */,
				B40DD32215C58180001EB875 /* InfoPlist.strings */,
			);
			name = "Supporting Files";
			sourceTree = "<group>";
		};
		B40EFDE015D7A01F0031B476 /* Cocoa Extensions */ = {
			isa = PBXGroup;
			children = (
				B40EFDE515D803480031B476 /* NSScanner+Helpers.h */,
				B40EFDE615D803480031B476 /* NSScanner+Helpers.m */,
				B40EFDE115D7D94D0031B476 /* NSCharacterSet+Spaces.h */,
				B40EFDE215D7D94D0031B476 /* NSCharacterSet+Spaces.m */,
				B40EFDDB15D79BD10031B476 /* NSRunLoop+Sync.h */,
				B40EFDDC15D79BD10031B476 /* NSRunLoop+Sync.m */,
				B42AF93A15CEE4D7008878AE /* NSStream+Buffered.h */,
				B42AF93B15CEE4D7008878AE /* NSStream+Buffered.m */,
			);
			name = "Cocoa Extensions";
			sourceTree = "<group>";
		};
/* End PBXGroup section */

/* Begin PBXHeadersBuildPhase section */
		B40DD30215C58180001EB875 /* Headers */ = {
			isa = PBXHeadersBuildPhase;
			buildActionMask = 2147483647;
			files = (
				B40DD33215C581DF001EB875 /* NewsRC.h in Headers */,
				B48DA28215CB1ADC0054F619 /* NNTP.h in Headers */,
				B42AF92D15CD60CB008878AE /* List.h in Headers */,
				B42AF93C15CEE4D7008878AE /* NSStream+Buffered.h in Headers */,
				B40EFDDD15D79BD10031B476 /* NSRunLoop+Sync.h in Headers */,
				B40EFDE315D7D94D0031B476 /* NSCharacterSet+Spaces.h in Headers */,
				B40EFDE715D803480031B476 /* NSScanner+Helpers.h in Headers */,
			);
			runOnlyForDeploymentPostprocessing = 0;
		};
/* End PBXHeadersBuildPhase section */

/* Begin PBXNativeTarget section */
		B40DD30315C58180001EB875 /* libnews */ = {
			isa = PBXNativeTarget;
			buildConfigurationList = B40DD32A15C58180001EB875 /* Build configuration list for PBXNativeTarget "libnews" */;
			buildPhases = (
				B40DD30015C58180001EB875 /* Sources */,
				B40DD30115C58180001EB875 /* Frameworks */,
				B40DD30215C58180001EB875 /* Headers */,
			);
			buildRules = (
			);
			dependencies = (
			);
			name = libnews;
			productName = libnews;
			productReference = B40DD30415C58180001EB875 /* libnews.dylib */;
			productType = "com.apple.product-type.library.dynamic";
		};
		B40DD31715C58180001EB875 /* libnewsTests */ = {
			isa = PBXNativeTarget;
			buildConfigurationList = B40DD32D15C58180001EB875 /* Build configuration list for PBXNativeTarget "libnewsTests" */;
			buildPhases = (
				B40DD31315C58180001EB875 /* Sources */,
				B40DD31415C58180001EB875 /* Frameworks */,
				B40DD31515C58180001EB875 /* Resources */,
				B40DD31615C58180001EB875 /* ShellScript */,
			);
			buildRules = (
			);
			dependencies = (
				B40DD31D15C58180001EB875 /* PBXTargetDependency */,
			);
			name = libnewsTests;
			productName = libnewsTests;
			productReference = B40DD31815C58180001EB875 /* libnewsTests.octest */;
			productType = "com.apple.product-type.bundle";
		};
/* End PBXNativeTarget section */

/* Begin PBXProject section */
		B40DD2FB15C58180001EB875 /* Project object */ = {
			isa = PBXProject;
			attributes = {
				LastUpgradeCheck = 0440;
				ORGANIZATIONNAME = "Florent Bruneau";
			};
			buildConfigurationList = B40DD2FE15C58180001EB875 /* Build configuration list for PBXProject "libnews" */;
			compatibilityVersion = "Xcode 3.2";
			developmentRegion = English;
			hasScannedForEncodings = 0;
			knownRegions = (
				en,
			);
			mainGroup = B40DD2F915C58180001EB875;
			productRefGroup = B40DD30515C58180001EB875 /* Products */;
			projectDirPath = "";
			projectRoot = "";
			targets = (
				B40DD30315C58180001EB875 /* libnews */,
				B40DD31715C58180001EB875 /* libnewsTests */,
			);
		};
/* End PBXProject section */

/* Begin PBXResourcesBuildPhase section */
		B40DD31515C58180001EB875 /* Resources */ = {
			isa = PBXResourcesBuildPhase;
			buildActionMask = 2147483647;
			files = (
				B40DD32415C58180001EB875 /* InfoPlist.strings in Resources */,
			);
			runOnlyForDeploymentPostprocessing = 0;
		};
/* End PBXResourcesBuildPhase section */

/* Begin PBXShellScriptBuildPhase section */
		B40DD31615C58180001EB875 /* ShellScript */ = {
			isa = PBXShellScriptBuildPhase;
			buildActionMask = 2147483647;
			files = (
			);
			inputPaths = (
			);
			outputPaths = (
			);
			runOnlyForDeploymentPostprocessing = 0;
			shellPath = /bin/sh;
			shellScript = "# Run the unit tests in this test bundle.\n\"${SYSTEM_DEVELOPER_DIR}/Tools/RunUnitTests\"\n";
		};
/* End PBXShellScriptBuildPhase section */

/* Begin PBXSourcesBuildPhase section */
		B40DD30015C58180001EB875 /* Sources */ = {
			isa = PBXSourcesBuildPhase;
			buildActionMask = 2147483647;
			files = (
				B40DD33315C581DF001EB875 /* NewsRC.m in Sources */,
				B48DA28315CB1ADC0054F619 /* NNTP.m in Sources */,
				B42AF92E15CD60CB008878AE /* List.m in Sources */,
				B42AF93D15CEE4D7008878AE /* NSStream+Buffered.m in Sources */,
				B40EFDDE15D79BD10031B476 /* NSRunLoop+Sync.m in Sources */,
				B40EFDE415D7D94D0031B476 /* NSCharacterSet+Spaces.m in Sources */,
				B40EFDE815D803480031B476 /* NSScanner+Helpers.m in Sources */,
			);
			runOnlyForDeploymentPostprocessing = 0;
		};
		B40DD31315C58180001EB875 /* Sources */ = {
			isa = PBXSourcesBuildPhase;
			buildActionMask = 2147483647;
			files = (
				B434309715C5C047002467FF /* NewsRCTest.m in Sources */,
				B42AF92915CC747A008878AE /* NNTPTest.m in Sources */,
				B42AF93515CD7F6D008878AE /* ListTest.m in Sources */,
			);
			runOnlyForDeploymentPostprocessing = 0;
		};
/* End PBXSourcesBuildPhase section */

/* Begin PBXTargetDependency section */
		B40DD31D15C58180001EB875 /* PBXTargetDependency */ = {
			isa = PBXTargetDependency;
			target = B40DD30315C58180001EB875 /* libnews */;
			targetProxy = B40DD31C15C58180001EB875 /* PBXContainerItemProxy */;
		};
/* End PBXTargetDependency section */

/* Begin PBXVariantGroup section */
		B40DD32215C58180001EB875 /* InfoPlist.strings */ = {
			isa = PBXVariantGroup;
			children = (
				B40DD32315C58180001EB875 /* en */,
			);
			name = InfoPlist.strings;
			sourceTree = "<group>";
		};
/* End PBXVariantGroup section */

/* Begin XCBuildConfiguration section */
		B40DD32815C58180001EB875 /* Debug */ = {
			isa = XCBuildConfiguration;
			buildSettings = {
				ALWAYS_SEARCH_USER_PATHS = NO;
				ARCHS = "$(ARCHS_STANDARD_64_BIT)";
				CLANG_ANALYZER_SECURITY_INSECUREAPI_STRCPY = YES;
				CLANG_CXX_LANGUAGE_STANDARD = "gnu++0x";
				CLANG_ENABLE_OBJC_ARC = YES;
				CLANG_WARN_SUSPICIOUS_IMPLICIT_CONVERSION = YES;
				CLANG_WARN__DUPLICATE_METHOD_MATCH = YES;
				COPY_PHASE_STRIP = NO;
				GCC_CHAR_IS_UNSIGNED_CHAR = YES;
				GCC_C_LANGUAGE_STANDARD = gnu99;
				GCC_DYNAMIC_NO_PIC = NO;
				GCC_ENABLE_CPP_EXCEPTIONS = NO;
				GCC_ENABLE_CPP_RTTI = NO;
				GCC_ENABLE_OBJC_EXCEPTIONS = YES;
				GCC_ENABLE_PASCAL_STRINGS = NO;
				GCC_OPTIMIZATION_LEVEL = 0;
				GCC_PREPROCESSOR_DEFINITIONS = (
					"DEBUG=1",
					"$(inherited)",
				);
				GCC_STRICT_ALIASING = YES;
				GCC_SYMBOLS_PRIVATE_EXTERN = NO;
				GCC_TREAT_IMPLICIT_FUNCTION_DECLARATIONS_AS_ERRORS = YES;
				GCC_TREAT_WARNINGS_AS_ERRORS = YES;
				GCC_UNROLL_LOOPS = YES;
				GCC_WARN_64_TO_32_BIT_CONVERSION = YES;
				GCC_WARN_ABOUT_MISSING_NEWLINE = YES;
				GCC_WARN_ABOUT_MISSING_PROTOTYPES = YES;
				GCC_WARN_ABOUT_RETURN_TYPE = YES;
				GCC_WARN_FOUR_CHARACTER_CONSTANTS = YES;
				GCC_WARN_MULTIPLE_DEFINITION_TYPES_FOR_SELECTOR = YES;
				GCC_WARN_SHADOW = YES;
				GCC_WARN_SIGN_COMPARE = YES;
				GCC_WARN_STRICT_SELECTOR_MATCH = YES;
				GCC_WARN_UNINITIALIZED_AUTOS = YES;
				GCC_WARN_UNUSED_FUNCTION = YES;
				GCC_WARN_UNUSED_LABEL = YES;
				GCC_WARN_UNUSED_VARIABLE = YES;
				MACOSX_DEPLOYMENT_TARGET = 10.8;
				ONLY_ACTIVE_ARCH = YES;
				OTHER_CFLAGS = "-fwrapv";
				SDKROOT = macosx;
				WARNING_CFLAGS = (
					"-Wpointer-arith",
					"-Wredundant-decls",
					"-Wmissing-format-attribute",
					"-Wwrite-strings",
					"-Wall",
					"-Wundef",
					"-Winit-self",
					"-Wenum-compare",
					"-Wchar-subscripts",
					"-Wnested-externs",
					"-Wformat-nonliteral",
				);
			};
			name = Debug;
		};
		B40DD32915C58180001EB875 /* Release */ = {
			isa = XCBuildConfiguration;
			buildSettings = {
				ALWAYS_SEARCH_USER_PATHS = NO;
				ARCHS = "$(ARCHS_STANDARD_64_BIT)";
				CLANG_ANALYZER_SECURITY_INSECUREAPI_STRCPY = YES;
				CLANG_CXX_LANGUAGE_STANDARD = "gnu++0x";
				CLANG_ENABLE_OBJC_ARC = YES;
				CLANG_WARN_SUSPICIOUS_IMPLICIT_CONVERSION = YES;
				CLANG_WARN__DUPLICATE_METHOD_MATCH = YES;
				COPY_PHASE_STRIP = YES;
				DEBUG_INFORMATION_FORMAT = "dwarf-with-dsym";
				GCC_CHAR_IS_UNSIGNED_CHAR = YES;
				GCC_C_LANGUAGE_STANDARD = gnu99;
				GCC_ENABLE_CPP_EXCEPTIONS = NO;
				GCC_ENABLE_CPP_RTTI = NO;
				GCC_ENABLE_OBJC_EXCEPTIONS = YES;
				GCC_ENABLE_PASCAL_STRINGS = NO;
				GCC_STRICT_ALIASING = YES;
				GCC_TREAT_IMPLICIT_FUNCTION_DECLARATIONS_AS_ERRORS = YES;
				GCC_TREAT_WARNINGS_AS_ERRORS = YES;
				GCC_UNROLL_LOOPS = YES;
				GCC_WARN_64_TO_32_BIT_CONVERSION = YES;
				GCC_WARN_ABOUT_MISSING_NEWLINE = YES;
				GCC_WARN_ABOUT_MISSING_PROTOTYPES = YES;
				GCC_WARN_ABOUT_RETURN_TYPE = YES;
				GCC_WARN_FOUR_CHARACTER_CONSTANTS = YES;
				GCC_WARN_MULTIPLE_DEFINITION_TYPES_FOR_SELECTOR = YES;
				GCC_WARN_SHADOW = YES;
				GCC_WARN_SIGN_COMPARE = YES;
				GCC_WARN_STRICT_SELECTOR_MATCH = YES;
				GCC_WARN_UNINITIALIZED_AUTOS = YES;
				GCC_WARN_UNUSED_FUNCTION = YES;
				GCC_WARN_UNUSED_LABEL = YES;
				GCC_WARN_UNUSED_VARIABLE = YES;
				MACOSX_DEPLOYMENT_TARGET = 10.8;
				OTHER_CFLAGS = "-fwrapv";
				SDKROOT = macosx;
				WARNING_CFLAGS = (
					"-Wpointer-arith",
					"-Wredundant-decls",
					"-Wmissing-format-attribute",
					"-Wwrite-strings",
					"-Wall",
					"-Wundef",
					"-Winit-self",
					"-Wenum-compare",
					"-Wchar-subscripts",
					"-Wnested-externs",
					"-Wformat-nonliteral",
				);
			};
			name = Release;
		};
		B40DD32B15C58180001EB875 /* Debug */ = {
			isa = XCBuildConfiguration;
			buildSettings = {
				DYLIB_COMPATIBILITY_VERSION = 1;
				DYLIB_CURRENT_VERSION = 1;
				GCC_PRECOMPILE_PREFIX_HEADER = YES;
				GCC_PREFIX_HEADER = "libnews/libnews-Prefix.pch";
				PRODUCT_NAME = "$(TARGET_NAME)";
			};
			name = Debug;
		};
		B40DD32C15C58180001EB875 /* Release */ = {
			isa = XCBuildConfiguration;
			buildSettings = {
				DYLIB_COMPATIBILITY_VERSION = 1;
				DYLIB_CURRENT_VERSION = 1;
				GCC_PRECOMPILE_PREFIX_HEADER = YES;
				GCC_PREFIX_HEADER = "libnews/libnews-Prefix.pch";
				PRODUCT_NAME = "$(TARGET_NAME)";
			};
			name = Release;
		};
		B40DD32E15C58180001EB875 /* Debug */ = {
			isa = XCBuildConfiguration;
			buildSettings = {
				COMBINE_HIDPI_IMAGES = YES;
				FRAMEWORK_SEARCH_PATHS = "\"$(DEVELOPER_LIBRARY_DIR)/Frameworks\"";
				GCC_PRECOMPILE_PREFIX_HEADER = YES;
				GCC_PREFIX_HEADER = "libnews/libnews-Prefix.pch";
				INFOPLIST_FILE = "libnewsTests/libnewsTests-Info.plist";
				PRODUCT_NAME = "$(TARGET_NAME)";
				WRAPPER_EXTENSION = octest;
			};
			name = Debug;
		};
		B40DD32F15C58180001EB875 /* Release */ = {
			isa = XCBuildConfiguration;
			buildSettings = {
				COMBINE_HIDPI_IMAGES = YES;
				FRAMEWORK_SEARCH_PATHS = "\"$(DEVELOPER_LIBRARY_DIR)/Frameworks\"";
				GCC_PRECOMPILE_PREFIX_HEADER = YES;
				GCC_PREFIX_HEADER = "libnews/libnews-Prefix.pch";
				INFOPLIST_FILE = "libnewsTests/libnewsTests-Info.plist";
				PRODUCT_NAME = "$(TARGET_NAME)";
				WRAPPER_EXTENSION = octest;
			};
			name = Release;
		};
/* End XCBuildConfiguration section */

/* Begin XCConfigurationList section */
		B40DD2FE15C58180001EB875 /* Build configuration list for PBXProject "libnews" */ = {
			isa = XCConfigurationList;
			buildConfigurations = (
				B40DD32815C58180001EB875 /* Debug */,
				B40DD32915C58180001EB875 /* Release */,
			);
			defaultConfigurationIsVisible = 0;
			defaultConfigurationName = Release;
		};
		B40DD32A15C58180001EB875 /* Build configuration list for PBXNativeTarget "libnews" */ = {
			isa = XCConfigurationList;
			buildConfigurations = (
				B40DD32B15C58180001EB875 /* Debug */,
				B40DD32C15C58180001EB875 /* Release */,
			);
			defaultConfigurationIsVisible = 0;
			defaultConfigurationName = Release;
		};
		B40DD32D15C58180001EB875 /* Build configuration list for PBXNativeTarget "libnewsTests" */ = {
			isa = XCConfigurationList;
			buildConfigurations = (
				B40DD32E15C58180001EB875 /* Debug */,
				B40DD32F15C58180001EB875 /* Release */,
			);
			defaultConfigurationIsVisible = 0;
			defaultConfigurationName = Release;
		};
/* End XCConfigurationList section */
	};
	rootObject = B40DD2FB15C58180001EB875 /* Project object */;
}
